dependencies:
- name: tsuru-api
  repository: https://tsuru.github.io/charts
  version: 0.1.4
- name: kubernetes-router
  repository: https://tsuru.github.io/charts
  version: 0.1.4
- name: ingress-nginx
  repository: https://kubernetes.github.io/ingress-nginx
  version: 3.30.0
- name: tsuru-monitoring
  repository: https://tsuru.github.io/charts
  version: 0.1.1
- name: docker-registry
  repository: https://helm.twun.io
  version: 1.10.1
- name: mongodb
  repository: https://charts.bitnami.com/bitnami
  version: 10.12.6
- name: cert-manager
  repository: https://charts.jetstack.io
  version: v1.3.1
digest: sha256:885b45cd53bc0973d609ac1444ab389804fce79b303ff847abe52a686426cbb9
generated: "2021-05-17T17:31:02.600962-03:00"
