dependencies:
- name: tsuru-api
  repository: https://tsuru.github.io/charts
  version: 0.3.3
- name: kubernetes-router
  repository: https://tsuru.github.io/charts
  version: 0.1.15
- name: ingress-nginx
  repository: https://kubernetes.github.io/ingress-nginx
  version: 4.11.2
- name: tsuru-monitoring
  repository: https://tsuru.github.io/charts
  version: 0.1.1
- name: docker-registry
  repository: https://helm.twun.io
  version: 1.10.1
- name: mongodb
  repository: https://charts.bitnami.com/bitnami
  version: 12.1.31
- name: cert-manager
  repository: https://charts.jetstack.io
  version: v1.3.1
- name: deploy-agent
  repository: https://tsuru.github.io/charts
  version: 1.4.6
digest: sha256:e5935a272bef2928aed16fb65e2fd0c3a9d94e883c89e9b5c90feaae97323ff4
generated: "2024-09-03T10:17:00.227672-03:00"
