dependencies:
- name: tsuru-api
  repository: https://tsuru.github.io/charts
  version: 0.1.16
- name: kubernetes-router
  repository: https://tsuru.github.io/charts
  version: 0.1.11
- name: ingress-nginx
  repository: https://kubernetes.github.io/ingress-nginx
  version: 3.30.0
- name: tsuru-monitoring
  repository: https://tsuru.github.io/charts
  version: 0.1.1
- name: docker-registry
  repository: https://helm.twun.io
  version: 1.10.1
- name: mongodb
  repository: https://charts.bitnami.com/bitnami
  version: 10.12.6
- name: cert-manager
  repository: https://charts.jetstack.io
  version: v1.3.1
digest: sha256:8f50aa65f9a949528e3bb3b7051118a8a8adcbbbb3ecd8cad1e0fd970a1a453c
generated: "2021-11-22T15:34:48.225027-03:00"
